{
    "_readme": [
        "This file locks the dependencies of your project to a known state",
        "Read more about it at https://getcomposer.org/doc/01-basic-usage.md#installing-dependencies",
        "This file is @generated automatically"
    ],
    "content-hash": "4cd8877183458bc9ebbdd83f646b57aa",
    "packages": [
        {
            "name": "bhaktaraz/php-rss-generator",
            "version": "dev-master",
            "source": {
                "type": "git",
                "url": "https://github.com/bhaktaraz/php-rss-generator.git",
                "reference": "1507b60b407b89467317797abc9604ecb5eac990"
            },
            "dist": {
                "type": "zip",
                "url": "https://api.github.com/repos/bhaktaraz/php-rss-generator/zipball/1507b60b407b89467317797abc9604ecb5eac990",
                "reference": "1507b60b407b89467317797abc9604ecb5eac990",
                "shasum": ""
            },
            "require": {
                "php": ">=5.3.0"
            },
            "type": "library",
            "autoload": {
                "psr-4": {
                    "Bhaktaraz\\RSSGenerator\\": "Source/Bhaktaraz/RSSGenerator/"
                }
            },
            "notification-url": "https://packagist.org/downloads/",
            "license": [
                "MIT"
            ],
            "authors": [
                {
                    "name": "Bhaktaraz Bhatta",
                    "email": "bhattabhakta@gmail.com"
                }
            ],
            "description": "Simple RSS generator library for PHP 5.5 or later.",
            "homepage": "https://github.com/bhaktaraz/php-rss-generator",
            "keywords": [
                "Facebook product feed generator",
                "feed",
                "generator",
                "rss",
                "writer"
            ],
            "time": "2020-04-16T11:24:27+00:00"
        }
    ],
    "packages-dev": [],
    "aliases": [],
    "minimum-stability": "stable",
    "stability-flags": {
        "bhaktaraz/php-rss-generator": 20
    },
    "prefer-stable": false,
    "prefer-lowest": false,
    "platform": [],
    "platform-dev": []
}
